
Microsoft Visual Studio Solution File, Format Version 12.00
# Visual Studio Version 17
VisualStudioVersion = 17.8.34309.116
MinimumVisualStudioVersion = 10.0.40219.1
Project("{FAE04EC0-301F-11D3-BF4B-00C04F79EFBC}") = "Gestion Empleados", "Gestion Empleados\Gestion Empleados.csproj", "{32DAC80E-6139-4DB9-BE54-EAB02CEE8218}"
EndProject
Global
	GlobalSection(SolutionConfigurationPlatforms) = preSolution
		Debug|Any CPU = Debug|Any CPU
		Release|Any CPU = Release|Any CPU
	EndGlobalSection
	GlobalSection(ProjectConfigurationPlatforms) = postSolution
		{32DAC80E-6139-4DB9-BE54-EAB02CEE8218}.Debug|Any CPU.ActiveCfg = Debug|Any CPU
		{32DAC80E-6139-4DB9-BE54-EAB02CEE8218}.Debug|Any CPU.Build.0 = Debug|Any CPU
		{32DAC80E-6139-4DB9-BE54-EAB02CEE8218}.Release|Any CPU.ActiveCfg = Release|Any CPU
		{32DAC80E-6139-4DB9-BE54-EAB02CEE8218}.Release|Any CPU.Build.0 = Release|Any CPU
	EndGlobalSection
	GlobalSection(SolutionProperties) = preSolution
		HideSolutionNode = FALSE
	EndGlobalSection
	GlobalSection(ExtensibilityGlobals) = postSolution
		SolutionGuid = {899A2FB4-4FA9-444C-AAE8-44A3BB9D2EC4}
	EndGlobalSection
EndGlobal
